
Microsoft Visual Studio Solution File, Format Version 12.00
# Visual Studio Version 17
VisualStudioVersion = 17.0.31903.59
MinimumVisualStudioVersion = 10.0.40219.1
Project("{FAE04EC0-301F-11D3-BF4B-00C04F79EFBC}") = "Identity.Api", "src\Services\Identity.Api\Identity.Api.csproj", "{E4604C56-303B-4E49-AA44-8A81CAEC3638}"
EndProject
Project("{FAE04EC0-301F-11D3-BF4B-00C04F79EFBC}") = "Registration.Api", "src\Services\Registration.Api\Registration.Api.csproj", "{3A3E09F0-47CC-4A93-A71E-896B432677A7}"
EndProject
Project("{FAE04EC0-301F-11D3-BF4B-00C04F79EFBC}") = "Event.Api", "src\Services\Event.Api\Event.Api.csproj", "{31157D00-8165-4080-B391-0CB9819D04FE}"
EndProject
Project("{FAE04EC0-301F-11D3-BF4B-00C04F79EFBC}") = "Analytics.Api", "src\Services\Analytics.Api\Analytics.Api.csproj", "{6842AC38-1294-40E8-A402-FBCADF9745EA}"
EndProject
Project("{FAE04EC0-301F-11D3-BF4B-00C04F79EFBC}") = "Shared", "src\Shared\Shared.csproj", "{D4F091AE-9623-42CE-8BB0-ACD55788ECA9}"
EndProject
Project("{FAE04EC0-301F-11D3-BF4B-00C04F79EFBC}") = "ApiGateway", "src\ApiGateway\ApiGateway.csproj", "{7A3743C8-58B2-4D32-B2F6-7AD890E8B51B}"
EndProject
Project("{FAE04EC0-301F-11D3-BF4B-00C04F79EFBC}") = "Notification.Api", "src\Services\Notification.Api\Notification.Api.csproj", "{3A3781B5-235F-4AF3-9C50-40E737BBB5DD}"
EndProject
Project("{2150E333-8FDC-42A3-9474-1A3956D46DE8}") = "IdentityService", "IdentityService", "{02EA681E-C7D8-13C7-8484-4AC65E1B71E8}"
EndProject
Project("{2150E333-8FDC-42A3-9474-1A3956D46DE8}") = "AnalyticsService", "AnalyticsService", "{A1BBCA94-4B0A-4193-BEF5-28CBCC40891C}"
EndProject
Project("{2150E333-8FDC-42A3-9474-1A3956D46DE8}") = "EventService", "EventService", "{714C5779-B9F6-4845-8CDE-C9F1BDD97450}"
EndProject
Project("{2150E333-8FDC-42A3-9474-1A3956D46DE8}") = "NotificationService", "NotificationService", "{AC3A3257-8755-4DAE-82F7-76D5FE4DD602}"
EndProject
Project("{2150E333-8FDC-42A3-9474-1A3956D46DE8}") = "RegistrationService", "RegistrationService", "{D5814A2E-DD26-4EA9-BBF1-818B81B3A3D1}"
EndProject
Global
	GlobalSection(SolutionConfigurationPlatforms) = preSolution
		Debug|Any CPU = Debug|Any CPU
		Release|Any CPU = Release|Any CPU
	EndGlobalSection
	GlobalSection(ProjectConfigurationPlatforms) = postSolution
		{E4604C56-303B-4E49-AA44-8A81CAEC3638}.Debug|Any CPU.ActiveCfg = Debug|Any CPU
		{E4604C56-303B-4E49-AA44-8A81CAEC3638}.Debug|Any CPU.Build.0 = Debug|Any CPU
		{E4604C56-303B-4E49-AA44-8A81CAEC3638}.Release|Any CPU.ActiveCfg = Release|Any CPU
		{E4604C56-303B-4E49-AA44-8A81CAEC3638}.Release|Any CPU.Build.0 = Release|Any CPU
		{3A3E09F0-47CC-4A93-A71E-896B432677A7}.Debug|Any CPU.ActiveCfg = Debug|Any CPU
		{3A3E09F0-47CC-4A93-A71E-896B432677A7}.Debug|Any CPU.Build.0 = Debug|Any CPU
		{3A3E09F0-47CC-4A93-A71E-896B432677A7}.Release|Any CPU.ActiveCfg = Release|Any CPU
		{3A3E09F0-47CC-4A93-A71E-896B432677A7}.Release|Any CPU.Build.0 = Release|Any CPU
		{31157D00-8165-4080-B391-0CB9819D04FE}.Debug|Any CPU.ActiveCfg = Debug|Any CPU
		{31157D00-8165-4080-B391-0CB9819D04FE}.Debug|Any CPU.Build.0 = Debug|Any CPU
		{31157D00-8165-4080-B391-0CB9819D04FE}.Release|Any CPU.ActiveCfg = Release|Any CPU
		{31157D00-8165-4080-B391-0CB9819D04FE}.Release|Any CPU.Build.0 = Release|Any CPU
		{6842AC38-1294-40E8-A402-FBCADF9745EA}.Debug|Any CPU.ActiveCfg = Debug|Any CPU
		{6842AC38-1294-40E8-A402-FBCADF9745EA}.Debug|Any CPU.Build.0 = Debug|Any CPU
		{6842AC38-1294-40E8-A402-FBCADF9745EA}.Release|Any CPU.ActiveCfg = Release|Any CPU
		{6842AC38-1294-40E8-A402-FBCADF9745EA}.Release|Any CPU.Build.0 = Release|Any CPU
		{D4F091AE-9623-42CE-8BB0-ACD55788ECA9}.Debug|Any CPU.ActiveCfg = Debug|Any CPU
		{D4F091AE-9623-42CE-8BB0-ACD55788ECA9}.Debug|Any CPU.Build.0 = Debug|Any CPU
		{D4F091AE-9623-42CE-8BB0-ACD55788ECA9}.Release|Any CPU.ActiveCfg = Release|Any CPU
		{D4F091AE-9623-42CE-8BB0-ACD55788ECA9}.Release|Any CPU.Build.0 = Release|Any CPU
		{7A3743C8-58B2-4D32-B2F6-7AD890E8B51B}.Debug|Any CPU.ActiveCfg = Debug|Any CPU
		{7A3743C8-58B2-4D32-B2F6-7AD890E8B51B}.Debug|Any CPU.Build.0 = Debug|Any CPU
		{7A3743C8-58B2-4D32-B2F6-7AD890E8B51B}.Release|Any CPU.ActiveCfg = Release|Any CPU
		{7A3743C8-58B2-4D32-B2F6-7AD890E8B51B}.Release|Any CPU.Build.0 = Release|Any CPU
		{3A3781B5-235F-4AF3-9C50-40E737BBB5DD}.Debug|Any CPU.ActiveCfg = Debug|Any CPU
		{3A3781B5-235F-4AF3-9C50-40E737BBB5DD}.Debug|Any CPU.Build.0 = Debug|Any CPU
		{3A3781B5-235F-4AF3-9C50-40E737BBB5DD}.Release|Any CPU.ActiveCfg = Release|Any CPU
		{3A3781B5-235F-4AF3-9C50-40E737BBB5DD}.Release|Any CPU.Build.0 = Release|Any CPU
	EndGlobalSection
	GlobalSection(SolutionProperties) = preSolution
		HideSolutionNode = FALSE
	EndGlobalSection
	GlobalSection(NestedProjects) = preSolution
		{E4604C56-303B-4E49-AA44-8A81CAEC3638} = {02EA681E-C7D8-13C7-8484-4AC65E1B71E8}
		{3A3E09F0-47CC-4A93-A71E-896B432677A7} = {D5814A2E-DD26-4EA9-BBF1-818B81B3A3D1}
		{31157D00-8165-4080-B391-0CB9819D04FE} = {714C5779-B9F6-4845-8CDE-C9F1BDD97450}
		{6842AC38-1294-40E8-A402-FBCADF9745EA} = {A1BBCA94-4B0A-4193-BEF5-28CBCC40891C}
		{3A3781B5-235F-4AF3-9C50-40E737BBB5DD} = {AC3A3257-8755-4DAE-82F7-76D5FE4DD602}
	EndGlobalSection
	GlobalSection(ExtensibilityGlobals) = postSolution
		SolutionGuid = {EB873D50-006B-48D6-BD88-6D26A8A6FAB9}
	EndGlobalSection
EndGlobal
